{
    "packages": [
        {
            "name": "phpmailer/phpmailer",
            "version": "v6.9.1",
            "source": {
                "type": "git",
                "url": "https://github.com/PHPMailer/PHPMailer.git",
                "reference": "xxxxxxxxxxxxxxxx"
            }
        }
    ]
}
